
Microsoft Visual Studio Solution File, Format Version 12.00
# Visual Studio Version 16
VisualStudioVersion = 16.0.29609.76
MinimumVisualStudioVersion = 15.0.26124.0
Project("{2150E333-8FDC-42A3-9474-1A3956D46DE8}") = "src", "src", "{02036714-E72D-4CCC-97C9-243DEFEF427D}"
EndProject
Project("{9A19103F-16F7-4668-BE54-9A1E7A4F7556}") = "IntegraPublisher", "src\api\IntegraPublisher.csproj", "{AB4B032B-24AB-4025-89B5-759BE4EE8655}"
EndProject
Global
	GlobalSection(SolutionConfigurationPlatforms) = preSolution
		Debug|Any CPU = Debug|Any CPU
		Debug|x64 = Debug|x64
		Debug|x86 = Debug|x86
		Release|Any CPU = Release|Any CPU
		Release|x64 = Release|x64
		Release|x86 = Release|x86
	EndGlobalSection
	GlobalSection(ProjectConfigurationPlatforms) = postSolution
		{AB4B032B-24AB-4025-89B5-759BE4EE8655}.Debug|Any CPU.ActiveCfg = Debug|Any CPU
		{AB4B032B-24AB-4025-89B5-759BE4EE8655}.Debug|Any CPU.Build.0 = Debug|Any CPU
		{AB4B032B-24AB-4025-89B5-759BE4EE8655}.Debug|x64.ActiveCfg = Debug|Any CPU
		{AB4B032B-24AB-4025-89B5-759BE4EE8655}.Debug|x64.Build.0 = Debug|Any CPU
		{AB4B032B-24AB-4025-89B5-759BE4EE8655}.Debug|x86.ActiveCfg = Debug|Any CPU
		{AB4B032B-24AB-4025-89B5-759BE4EE8655}.Debug|x86.Build.0 = Debug|Any CPU
		{AB4B032B-24AB-4025-89B5-759BE4EE8655}.Release|Any CPU.ActiveCfg = Release|Any CPU
		{AB4B032B-24AB-4025-89B5-759BE4EE8655}.Release|Any CPU.Build.0 = Release|Any CPU
		{AB4B032B-24AB-4025-89B5-759BE4EE8655}.Release|x64.ActiveCfg = Release|Any CPU
		{AB4B032B-24AB-4025-89B5-759BE4EE8655}.Release|x64.Build.0 = Release|Any CPU
		{AB4B032B-24AB-4025-89B5-759BE4EE8655}.Release|x86.ActiveCfg = Release|Any CPU
		{AB4B032B-24AB-4025-89B5-759BE4EE8655}.Release|x86.Build.0 = Release|Any CPU
	EndGlobalSection
	GlobalSection(SolutionProperties) = preSolution
		HideSolutionNode = FALSE
	EndGlobalSection
	GlobalSection(NestedProjects) = preSolution
		{AB4B032B-24AB-4025-89B5-759BE4EE8655} = {02036714-E72D-4CCC-97C9-243DEFEF427D}
	EndGlobalSection
	GlobalSection(ExtensibilityGlobals) = postSolution
		SolutionGuid = {4D075B3C-F924-46AF-9B06-D14533AD73AE}
	EndGlobalSection
EndGlobal
